// !$*UTF8*$!
{
	archiveVersion = 1;
	classes = {
	};
	objectVersion = 50;
	objects = {

/* Begin PBXBuildFile section */
		3271199E24A5B1620048EC60 /* AppDelegate.swift in Sources */ = {isa = PBXBuildFile; fileRef = 3271199D24A5B1620048EC60 /* AppDelegate.swift */; };
		327119A024A5B1620048EC60 /* SceneDelegate.swift in Sources */ = {isa = PBXBuildFile; fileRef = 3271199F24A5B1620048EC60 /* SceneDelegate.swift */; };
		327119A224A5B1620048EC60 /* ViewController.swift in Sources */ = {isa = PBXBuildFile; fileRef = 327119A124A5B1620048EC60 /* ViewController.swift */; };
		327119A524A5B1620048EC60 /* Main.storyboard in Resources */ = {isa = PBXBuildFile; fileRef = 327119A324A5B1620048EC60 /* Main.storyboard */; };
		327119A824A5B1620048EC60 /* Parkgoer_SG.xcdatamodeld in Sources */ = {isa = PBXBuildFile; fileRef = 327119A624A5B1620048EC60 /* Parkgoer_SG.xcdatamodeld */; };
		327119AA24A5B1680048EC60 /* Assets.xcassets in Resources */ = {isa = PBXBuildFile; fileRef = 327119A924A5B1680048EC60 /* Assets.xcassets */; };
		327119AD24A5B1680048EC60 /* LaunchScreen.storyboard in Resources */ = {isa = PBXBuildFile; fileRef = 327119AB24A5B1680048EC60 /* LaunchScreen.storyboard */; };
/* End PBXBuildFile section */

/* Begin PBXFileReference section */
		3271199A24A5B1620048EC60 /* Parkgoer SG.app */ = {isa = PBXFileReference; explicitFileType = wrapper.application; includeInIndex = 0; path = "Parkgoer SG.app"; sourceTree = BUILT_PRODUCTS_DIR; };
		3271199D24A5B1620048EC60 /* AppDelegate.swift */ = {isa = PBXFileReference; lastKnownFileType = sourcecode.swift; path = AppDelegate.swift; sourceTree = "<group>"; };
		3271199F24A5B1620048EC60 /* SceneDelegate.swift */ = {isa = PBXFileReference; lastKnownFileType = sourcecode.swift; path = SceneDelegate.swift; sourceTree = "<group>"; };
		327119A124A5B1620048EC60 /* ViewController.swift */ = {isa = PBXFileReference; lastKnownFileType = sourcecode.swift; path = ViewController.swift; sourceTree = "<group>"; };
		327119A424A5B1620048EC60 /* Base */ = {isa = PBXFileReference; lastKnownFileType = file.storyboard; name = Base; path = Base.lproj/Main.storyboard; sourceTree = "<group>"; };
		327119A724A5B1620048EC60 /* Parkgoer_SG.xcdatamodel */ = {isa = PBXFileReference; lastKnownFileType = wrapper.xcdatamodel; path = Parkgoer_SG.xcdatamodel; sourceTree = "<group>"; };
		327119A924A5B1680048EC60 /* Assets.xcassets */ = {isa = PBXFileReference; lastKnownFileType = folder.assetcatalog; path = Assets.xcassets; sourceTree = "<group>"; };
		327119AC24A5B1680048EC60 /* Base */ = {isa = PBXFileReference; lastKnownFileType = file.storyboard; name = Base; path = Base.lproj/LaunchScreen.storyboard; sourceTree = "<group>"; };
		327119AE24A5B1680048EC60 /* Info.plist */ = {isa = PBXFileReference; lastKnownFileType = text.plist.xml; path = Info.plist; sourceTree = "<group>"; };
/* End PBXFileReference section */

/* Begin PBXFrameworksBuildPhase section */
		3271199724A5B1620048EC60 /* Frameworks */ = {
			isa = PBXFrameworksBuildPhase;
			buildActionMask = 2147483647;
			files = (
			);
			runOnlyForDeploymentPostprocessing = 0;
		};
/* End PBXFrameworksBuildPhase section */

/* Begin PBXGroup section */
		3271199124A5B1620048EC60 = {
			isa = PBXGroup;
			children = (
				3271199C24A5B1620048EC60 /* Parkgoer SG */,
				3271199B24A5B1620048EC60 /* Products */,
			);
			sourceTree = "<group>";
		};
		3271199B24A5B1620048EC60 /* Products */ = {
			isa = PBXGroup;
			children = (
				3271199A24A5B1620048EC60 /* Parkgoer SG.app */,
			);
			name = Products;
			sourceTree = "<group>";
		};
		3271199C24A5B1620048EC60 /* Parkgoer SG */ = {
			isa = PBXGroup;
			children = (
				3271199D24A5B1620048EC60 /* AppDelegate.swift */,
				3271199F24A5B1620048EC60 /* SceneDelegate.swift */,
				327119A124A5B1620048EC60 /* ViewController.swift */,
				327119A324A5B1620048EC60 /* Main.storyboard */,
				327119A924A5B1680048EC60 /* Assets.xcassets */,
				327119AB24A5B1680048EC60 /* LaunchScreen.storyboard */,
				327119AE24A5B1680048EC60 /* Info.plist */,
				327119A624A5B1620048EC60 /* Parkgoer_SG.xcdatamodeld */,
			);
			path = "Parkgoer SG";
			sourceTree = "<group>";
		};
/* End PBXGroup section */

/* Begin PBXNativeTarget section */
		3271199924A5B1620048EC60 /* Parkgoer SG */ = {
			isa = PBXNativeTarget;
			buildConfigurationList = 327119B124A5B1680048EC60 /* Build configuration list for PBXNativeTarget "Parkgoer SG" */;
			buildPhases = (
				3271199624A5B1620048EC60 /* Sources */,
				3271199724A5B1620048EC60 /* Frameworks */,
				3271199824A5B1620048EC60 /* Resources */,
			);
			buildRules = (
			);
			dependencies = (
			);
			name = "Parkgoer SG";
			productName = "Parkgoer SG";
			productReference = 3271199A24A5B1620048EC60 /* Parkgoer SG.app */;
			productType = "com.apple.product-type.application";
		};
/* End PBXNativeTarget section */

/* Begin PBXProject section */
		3271199224A5B1620048EC60 /* Project object */ = {
			isa = PBXProject;
			attributes = {
				LastSwiftUpdateCheck = 1130;
				LastUpgradeCheck = 1130;
				ORGANIZATIONNAME = CodeCollab;
				TargetAttributes = {
					3271199924A5B1620048EC60 = {
						CreatedOnToolsVersion = 11.3.1;
					};
				};
			};
			buildConfigurationList = 3271199524A5B1620048EC60 /* Build configuration list for PBXProject "Parkgoer SG" */;
			compatibilityVersion = "Xcode 9.3";
			developmentRegion = en;
			hasScannedForEncodings = 0;
			knownRegions = (
				en,
				Base,
			);
			mainGroup = 3271199124A5B1620048EC60;
			productRefGroup = 3271199B24A5B1620048EC60 /* Products */;
			projectDirPath = "";
			projectRoot = "";
			targets = (
				3271199924A5B1620048EC60 /* Parkgoer SG */,
			);
		};
/* End PBXProject section */

/* Begin PBXResourcesBuildPhase section */
		3271199824A5B1620048EC60 /* Resources */ = {
			isa = PBXResourcesBuildPhase;
			buildActionMask = 2147483647;
			files = (
				327119AD24A5B1680048EC60 /* LaunchScreen.storyboard in Resources */,
				327119AA24A5B1680048EC60 /* Assets.xcassets in Resources */,
				327119A524A5B1620048EC60 /* Main.storyboard in Resources */,
			);
			runOnlyForDeploymentPostprocessing = 0;
		};
/* End PBXResourcesBuildPhase section */

/* Begin PBXSourcesBuildPhase section */
		3271199624A5B1620048EC60 /* Sources */ = {
			isa = PBXSourcesBuildPhase;
			buildActionMask = 2147483647;
			files = (
				327119A824A5B1620048EC60 /* Parkgoer_SG.xcdatamodeld in Sources */,
				327119A224A5B1620048EC60 /* ViewController.swift in Sources */,
				3271199E24A5B1620048EC60 /* AppDelegate.swift in Sources */,
				327119A024A5B1620048EC60 /* SceneDelegate.swift in Sources */,
			);
			runOnlyForDeploymentPostprocessing = 0;
		};
/* End PBXSourcesBuildPhase section */

/* Begin PBXVariantGroup section */
		327119A324A5B1620048EC60 /* Main.storyboard */ = {
			isa = PBXVariantGroup;
			children = (
				327119A424A5B1620048EC60 /* Base */,
			);
			name = Main.storyboard;
			sourceTree = "<group>";
		};
		327119AB24A5B1680048EC60 /* LaunchScreen.storyboard */ = {
			isa = PBXVariantGroup;
			children = (
				327119AC24A5B1680048EC60 /* Base */,
			);
			name = LaunchScreen.storyboard;
			sourceTree = "<group>";
		};
/* End PBXVariantGroup section */

/* Begin XCBuildConfiguration section */
		327119AF24A5B1680048EC60 /* Debug */ = {
			isa = XCBuildConfiguration;
			buildSettings = {
				ALWAYS_SEARCH_USER_PATHS = NO;
				CLANG_ANALYZER_NONNULL = YES;
				CLANG_ANALYZER_NUMBER_OBJECT_CONVERSION = YES_AGGRESSIVE;
				CLANG_CXX_LANGUAGE_STANDARD = "gnu++14";
				CLANG_CXX_LIBRARY = "libc++";
				CLANG_ENABLE_MODULES = YES;
				CLANG_ENABLE_OBJC_ARC = YES;
				CLANG_ENABLE_OBJC_WEAK = YES;
				CLANG_WARN_BLOCK_CAPTURE_AUTORELEASING = YES;
				CLANG_WARN_BOOL_CONVERSION = YES;
				CLANG_WARN_COMMA = YES;
				CLANG_WARN_CONSTANT_CONVERSION = YES;
				CLANG_WARN_DEPRECATED_OBJC_IMPLEMENTATIONS = YES;
				CLANG_WARN_DIRECT_OBJC_ISA_USAGE = YES_ERROR;
				CLANG_WARN_DOCUMENTATION_COMMENTS = YES;
				CLANG_WARN_EMPTY_BODY = YES;
				CLANG_WARN_ENUM_CONVERSION = YES;
				CLANG_WARN_INFINITE_RECURSION = YES;
				CLANG_WARN_INT_CONVERSION = YES;
				CLANG_WARN_NON_LITERAL_NULL_CONVERSION = YES;
				CLANG_WARN_OBJC_IMPLICIT_RETAIN_SELF = YES;
				CLANG_WARN_OBJC_LITERAL_CONVERSION = YES;
				CLANG_WARN_OBJC_ROOT_CLASS = YES_ERROR;
				CLANG_WARN_RANGE_LOOP_ANALYSIS = YES;
				CLANG_WARN_STRICT_PROTOTYPES = YES;
				CLANG_WARN_SUSPICIOUS_MOVE = YES;
				CLANG_WARN_UNGUARDED_AVAILABILITY = YES_AGGRESSIVE;
				CLANG_WARN_UNREACHABLE_CODE = YES;
				CLANG_WARN__DUPLICATE_METHOD_MATCH = YES;
				COPY_PHASE_STRIP = NO;
				DEBUG_INFORMATION_FORMAT = dwarf;
				ENABLE_STRICT_OBJC_MSGSEND = YES;
				ENABLE_TESTABILITY = YES;
				GCC_C_LANGUAGE_STANDARD = gnu11;
				GCC_DYNAMIC_NO_PIC = NO;
				GCC_NO_COMMON_BLOCKS = YES;
				GCC_OPTIMIZATION_LEVEL = 0;
				GCC_PREPROCESSOR_DEFINITIONS = (
					"DEBUG=1",
					"$(inherited)",
				);
				GCC_WARN_64_TO_32_BIT_CONVERSION = YES;
				GCC_WARN_ABOUT_RETURN_TYPE = YES_ERROR;
				GCC_WARN_UNDECLARED_SELECTOR = YES;
				GCC_WARN_UNINITIALIZED_AUTOS = YES_AGGRESSIVE;
				GCC_WARN_UNUSED_FUNCTION = YES;
				GCC_WARN_UNUSED_VARIABLE = YES;
				IPHONEOS_DEPLOYMENT_TARGET = 13.2;
				MTL_ENABLE_DEBUG_INFO = INCLUDE_SOURCE;
				MTL_FAST_MATH = YES;
				ONLY_ACTIVE_ARCH = YES;
				SDKROOT = iphoneos;
				SWIFT_ACTIVE_COMPILATION_CONDITIONS = DEBUG;
				SWIFT_OPTIMIZATION_LEVEL = "-Onone";
			};
			name = Debug;
		};
		327119B024A5B1680048EC60 /* Release */ = {
			isa = XCBuildConfiguration;
			buildSettings = {
				ALWAYS_SEARCH_USER_PATHS = NO;
				CLANG_ANALYZER_NONNULL = YES;
				CLANG_ANALYZER_NUMBER_OBJECT_CONVERSION = YES_AGGRESSIVE;
				CLANG_CXX_LANGUAGE_STANDARD = "gnu++14";
				CLANG_CXX_LIBRARY = "libc++";
				CLANG_ENABLE_MODULES = YES;
				CLANG_ENABLE_OBJC_ARC = YES;
				CLANG_ENABLE_OBJC_WEAK = YES;
				CLANG_WARN_BLOCK_CAPTURE_AUTORELEASING = YES;
				CLANG_WARN_BOOL_CONVERSION = YES;
				CLANG_WARN_COMMA = YES;
				CLANG_WARN_CONSTANT_CONVERSION = YES;
				CLANG_WARN_DEPRECATED_OBJC_IMPLEMENTATIONS = YES;
				CLANG_WARN_DIRECT_OBJC_ISA_USAGE = YES_ERROR;
				CLANG_WARN_DOCUMENTATION_COMMENTS = YES;
				CLANG_WARN_EMPTY_BODY = YES;
				CLANG_WARN_ENUM_CONVERSION = YES;
				CLANG_WARN_INFINITE_RECURSION = YES;
				CLANG_WARN_INT_CONVERSION = YES;
				CLANG_WARN_NON_LITERAL_NULL_CONVERSION = YES;
				CLANG_WARN_OBJC_IMPLICIT_RETAIN_SELF = YES;
				CLANG_WARN_OBJC_LITERAL_CONVERSION = YES;
				CLANG_WARN_OBJC_ROOT_CLASS = YES_ERROR;
				CLANG_WARN_RANGE_LOOP_ANALYSIS = YES;
				CLANG_WARN_STRICT_PROTOTYPES = YES;
				CLANG_WARN_SUSPICIOUS_MOVE = YES;
				CLANG_WARN_UNGUARDED_AVAILABILITY = YES_AGGRESSIVE;
				CLANG_WARN_UNREACHABLE_CODE = YES;
				CLANG_WARN__DUPLICATE_METHOD_MATCH = YES;
				COPY_PHASE_STRIP = NO;
				DEBUG_INFORMATION_FORMAT = "dwarf-with-dsym";
				ENABLE_NS_ASSERTIONS = NO;
				ENABLE_STRICT_OBJC_MSGSEND = YES;
				GCC_C_LANGUAGE_STANDARD = gnu11;
				GCC_NO_COMMON_BLOCKS = YES;
				GCC_WARN_64_TO_32_BIT_CONVERSION = YES;
				GCC_WARN_ABOUT_RETURN_TYPE = YES_ERROR;
				GCC_WARN_UNDECLARED_SELECTOR = YES;
				GCC_WARN_UNINITIALIZED_AUTOS = YES_AGGRESSIVE;
				GCC_WARN_UNUSED_FUNCTION = YES;
				GCC_WARN_UNUSED_VARIABLE = YES;
				IPHONEOS_DEPLOYMENT_TARGET = 13.2;
				MTL_ENABLE_DEBUG_INFO = NO;
				MTL_FAST_MATH = YES;
				SDKROOT = iphoneos;
				SWIFT_COMPILATION_MODE = wholemodule;
				SWIFT_OPTIMIZATION_LEVEL = "-O";
				VALIDATE_PRODUCT = YES;
			};
			name = Release;
		};
		327119B224A5B1680048EC60 /* Debug */ = {
			isa = XCBuildConfiguration;
			buildSettings = {
				ASSETCATALOG_COMPILER_APPICON_NAME = AppIcon;
				CODE_SIGN_STYLE = Automatic;
				DEVELOPMENT_TEAM = 85M7FD6YM2;
				INFOPLIST_FILE = "Parkgoer SG/Info.plist";
				LD_RUNPATH_SEARCH_PATHS = (
					"$(inherited)",
					"@executable_path/Frameworks",
				);
				PRODUCT_BUNDLE_IDENTIFIER = "io.codecollab.Parkgoer-SG";
				PRODUCT_NAME = "$(TARGET_NAME)";
				SWIFT_VERSION = 5.0;
				TARGETED_DEVICE_FAMILY = "1,2";
			};
			name = Debug;
		};
		327119B324A5B1680048EC60 /* Release */ = {
			isa = XCBuildConfiguration;
			buildSettings = {
				ASSETCATALOG_COMPILER_APPICON_NAME = AppIcon;
				CODE_SIGN_STYLE = Automatic;
				DEVELOPMENT_TEAM = 85M7FD6YM2;
				INFOPLIST_FILE = "Parkgoer SG/Info.plist";
				LD_RUNPATH_SEARCH_PATHS = (
					"$(inherited)",
					"@executable_path/Frameworks",
				);
				PRODUCT_BUNDLE_IDENTIFIER = "io.codecollab.Parkgoer-SG";
				PRODUCT_NAME = "$(TARGET_NAME)";
				SWIFT_VERSION = 5.0;
				TARGETED_DEVICE_FAMILY = "1,2";
			};
			name = Release;
		};
/* End XCBuildConfiguration section */

/* Begin XCConfigurationList section */
		3271199524A5B1620048EC60 /* Build configuration list for PBXProject "Parkgoer SG" */ = {
			isa = XCConfigurationList;
			buildConfigurations = (
				327119AF24A5B1680048EC60 /* Debug */,
				327119B024A5B1680048EC60 /* Release */,
			);
			defaultConfigurationIsVisible = 0;
			defaultConfigurationName = Release;
		};
		327119B124A5B1680048EC60 /* Build configuration list for PBXNativeTarget "Parkgoer SG" */ = {
			isa = XCConfigurationList;
			buildConfigurations = (
				327119B224A5B1680048EC60 /* Debug */,
				327119B324A5B1680048EC60 /* Release */,
			);
			defaultConfigurationIsVisible = 0;
			defaultConfigurationName = Release;
		};
/* End XCConfigurationList section */

/* Begin XCVersionGroup section */
		327119A624A5B1620048EC60 /* Parkgoer_SG.xcdatamodeld */ = {
			isa = XCVersionGroup;
			children = (
				327119A724A5B1620048EC60 /* Parkgoer_SG.xcdatamodel */,
			);
			currentVersion = 327119A724A5B1620048EC60 /* Parkgoer_SG.xcdatamodel */;
			path = Parkgoer_SG.xcdatamodeld;
			sourceTree = "<group>";
			versionGroupType = wrapper.xcdatamodel;
		};
/* End XCVersionGroup section */
	};
	rootObject = 3271199224A5B1620048EC60 /* Project object */;
}
